PODS:
  - Alamofire (4.7.2)
  - Bolts (1.9.0):
    - Bolts/AppLinks (= 1.9.0)
    - Bolts/Tasks (= 1.9.0)
  - Bolts/AppLinks (1.9.0):
    - Bolts/Tasks
  - Bolts/Tasks (1.9.0)
  - FBSDKCoreKit (4.33.0):
    - Bolts (~> 1.7)
  - FBSDKLoginKit (4.33.0):
    - FBSDKCoreKit
  - IQKeyboardManagerSwift (6.0.2)
  - KIF (3.7.3):
    - KIF/Core (= 3.7.3)
  - KIF/Core (3.7.3)
  - KIF/IdentifierTests (3.7.3):
    - KIF/Core
  - OHHTTPStubs/Core (6.1.0)
  - OHHTTPStubs/Default (6.1.0):
    - OHHTTPStubs/Core
    - OHHTTPStubs/JSON
    - OHHTTPStubs/NSURLSession
    - OHHTTPStubs/OHPathHelpers
  - OHHTTPStubs/JSON (6.1.0):
    - OHHTTPStubs/Core
  - OHHTTPStubs/NSURLSession (6.1.0):
    - OHHTTPStubs/Core
  - OHHTTPStubs/OHPathHelpers (6.1.0)
  - OHHTTPStubs/Swift (6.1.0):
    - OHHTTPStubs/Default

DEPENDENCIES:
  - Alamofire (~> 4.7.2)
  - FBSDKCoreKit (~> 4.33.0)
  - FBSDKLoginKit (~> 4.33.0)
  - IQKeyboardManagerSwift (~> 6.0.1)
  - KIF (~> 3.7.3)
  - KIF/IdentifierTests (~> 3.7.3)
  - OHHTTPStubs/Swift (~> 6.1.0)

SPEC CHECKSUMS:
  Alamofire: e4fa87002c137ba2d8d634d2c51fabcda0d5c223
  Bolts: ac6567323eac61e203f6a9763667d0f711be34c8
  FBSDKCoreKit: 572b047a7e029bc44542bcf8a59414e7ff2b543e
  FBSDKLoginKit: 88cb456349cfb3b554427ce4f8b43729d85dfb40
  IQKeyboardManagerSwift: 59d4b0e140bc546c3c76ae5bb35b3dafd10b8172
  KIF: 4c23b5d24dba24d3cb6dbb9c7d325b31e526ba4a
  OHHTTPStubs: 1e21c7d2c084b8153fc53d48400d8919d2d432d0

PODFILE CHECKSUM: 0527ff32463e2a5aaa27bb9fbe2a20f886651d9f

COCOAPODS: 1.3.1
