// !$*UTF8*$!
{
	archiveVersion = 1;
	classes = {
	};
	objectVersion = 46;
	objects = {

/* Begin PBXBuildFile section */
		085B38C29F4FDEC66692EDA8 /* Pods_AcceptanceTests.framework in Frameworks */ = {isa = PBXBuildFile; fileRef = 1EB9F2983C9956078874E8CC /* Pods_AcceptanceTests.framework */; };
		9B0C72711C738D3400BAF3B1 /* AppDelegate.swift in Sources */ = {isa = PBXBuildFile; fileRef = 9B0C72691C738D3400BAF3B1 /* AppDelegate.swift */; };
		9B0C72721C738D3400BAF3B1 /* Assets.xcassets in Resources */ = {isa = PBXBuildFile; fileRef = 9B0C726A1C738D3400BAF3B1 /* Assets.xcassets */; };
		9B0C72741C738D3400BAF3B1 /* CommunicationManager.swift in Sources */ = {isa = PBXBuildFile; fileRef = 9B0C726C1C738D3400BAF3B1 /* CommunicationManager.swift */; };
		9B0C72761C738D3400BAF3B1 /* UserServiceManager.swift in Sources */ = {isa = PBXBuildFile; fileRef = 9B0C726E1C738D3400BAF3B1 /* UserServiceManager.swift */; };
		9B186ED81CA30DEF002CADE5 /* PaginatedTableView.swift in Sources */ = {isa = PBXBuildFile; fileRef = 9B186ED71CA30DEF002CADE5 /* PaginatedTableView.swift */; };
		9B2BF7381EBB9B21001638C4 /* SignInSuccessfully.json in Resources */ = {isa = PBXBuildFile; fileRef = 9B2BF7371EBB9B21001638C4 /* SignInSuccessfully.json */; };
		9B2BF73A1EBB9B45001638C4 /* SignUpSuccessfully.json in Resources */ = {isa = PBXBuildFile; fileRef = 9B2BF7391EBB9B45001638C4 /* SignUpSuccessfully.json */; };
		9B2BF73C1EBBA30B001638C4 /* KIFExtensions.swift in Sources */ = {isa = PBXBuildFile; fileRef = 9B2BF73B1EBBA30B001638C4 /* KIFExtensions.swift */; };
		9B3AA3991ED35007005A4D26 /* SignInViewController.swift in Sources */ = {isa = PBXBuildFile; fileRef = 9B3AA3981ED35007005A4D26 /* SignInViewController.swift */; };
		9B3AA39B1ED35013005A4D26 /* SignUpViewController.swift in Sources */ = {isa = PBXBuildFile; fileRef = 9B3AA39A1ED35013005A4D26 /* SignUpViewController.swift */; };
		9B3AA3A11ED4D014005A4D26 /* HomeViewController.swift in Sources */ = {isa = PBXBuildFile; fileRef = 9B3AA3A01ED4D014005A4D26 /* HomeViewController.swift */; };
		9B715A461E28083600C0C039 /* PlaceholderTextView.swift in Sources */ = {isa = PBXBuildFile; fileRef = 9B715A451E28083600C0C039 /* PlaceholderTextView.swift */; };
		9B77E0731E2FB6350020E450 /* User.swift in Sources */ = {isa = PBXBuildFile; fileRef = 9B77E0721E2FB6350020E450 /* User.swift */; };
		9B77E0751E2FB66F0020E450 /* UserDataManager.swift in Sources */ = {isa = PBXBuildFile; fileRef = 9B77E0741E2FB66F0020E450 /* UserDataManager.swift */; };
		9B77E0791E2FCF710020E450 /* Media.swift in Sources */ = {isa = PBXBuildFile; fileRef = 9B77E0781E2FCF710020E450 /* Media.swift */; };
		9B88CC651CAB2DCE00AE60C5 /* PaginatedCollectionView.swift in Sources */ = {isa = PBXBuildFile; fileRef = 9B88CC641CAB2DCE00AE60C5 /* PaginatedCollectionView.swift */; };
		9B88CC671CAB305900AE60C5 /* Constants.swift in Sources */ = {isa = PBXBuildFile; fileRef = 9B88CC661CAB305900AE60C5 /* Constants.swift */; };
		9B90C3A61ECB4A8A00FBE2FB /* cLogoutTests.swift in Sources */ = {isa = PBXBuildFile; fileRef = 9B90C3A31ECB4A8A00FBE2FB /* cLogoutTests.swift */; };
		9B90C3A71ECB4A8A00FBE2FB /* aSignInTests.swift in Sources */ = {isa = PBXBuildFile; fileRef = 9B90C3A41ECB4A8A00FBE2FB /* aSignInTests.swift */; };
		9B90C3A81ECB4A8A00FBE2FB /* bSignUpTests.swift in Sources */ = {isa = PBXBuildFile; fileRef = 9B90C3A51ECB4A8A00FBE2FB /* bSignUpTests.swift */; };
		9BD01E361F01641E007255E3 /* DictionaryExtension.swift in Sources */ = {isa = PBXBuildFile; fileRef = 9BD01E351F01641E007255E3 /* DictionaryExtension.swift */; };
		9BD409101CE9F19E005223C9 /* UIHelper.swift in Sources */ = {isa = PBXBuildFile; fileRef = 9BD4090F1CE9F19E005223C9 /* UIHelper.swift */; };
		9BFA84F31C776827009F64E4 /* LaunchScreen.storyboard in Resources */ = {isa = PBXBuildFile; fileRef = 9BFA84F21C776827009F64E4 /* LaunchScreen.storyboard */; };
		9BFA84F51C77682B009F64E4 /* Main.storyboard in Resources */ = {isa = PBXBuildFile; fileRef = 9BFA84F41C77682B009F64E4 /* Main.storyboard */; };
		C294D6B3D16ECB9B28F9F964 /* Pods_swift_base.framework in Frameworks */ = {isa = PBXBuildFile; fileRef = 55F1FE8FEC8BA22649B0768B /* Pods_swift_base.framework */; };
		E81171921DE5EFB7003D3DF5 /* UIViewControllerExtension.swift in Sources */ = {isa = PBXBuildFile; fileRef = E81171911DE5EFB7003D3DF5 /* UIViewControllerExtension.swift */; };
		E8290BFE1D832D9200599960 /* UIViewExtension.swift in Sources */ = {isa = PBXBuildFile; fileRef = E8290BFD1D832D9200599960 /* UIViewExtension.swift */; };
		E8290C021D8330A800599960 /* StringExtension.swift in Sources */ = {isa = PBXBuildFile; fileRef = E8290C011D8330A800599960 /* StringExtension.swift */; };
		E8B30E021E72FF8000131DCF /* UIStoryboardExtension.swift in Sources */ = {isa = PBXBuildFile; fileRef = E8B30E011E72FF8000131DCF /* UIStoryboardExtension.swift */; };
		E8FBB1BF1DD21A32000D6740 /* Session.swift in Sources */ = {isa = PBXBuildFile; fileRef = E8FBB1BE1DD21A32000D6740 /* Session.swift */; };
		E8FBB1C11DD21D18000D6740 /* SessionDataManager.swift in Sources */ = {isa = PBXBuildFile; fileRef = E8FBB1C01DD21D18000D6740 /* SessionDataManager.swift */; };
		FA54D5881E11C59600F0DBEA /* FirstViewController.swift in Sources */ = {isa = PBXBuildFile; fileRef = FA54D5871E11C59600F0DBEA /* FirstViewController.swift */; };
		FABDC9221EE1EB2B000DDAC3 /* ConfigurationManager.swift in Sources */ = {isa = PBXBuildFile; fileRef = FABDC9211EE1EB2B000DDAC3 /* ConfigurationManager.swift */; };
		FABDC9261EE207E6000DDAC3 /* ThirdPartyKeys.example.plist in Resources */ = {isa = PBXBuildFile; fileRef = FABDC9251EE207E6000DDAC3 /* ThirdPartyKeys.example.plist */; };
/* End PBXBuildFile section */

/* Begin PBXContainerItemProxy section */
		9B2BF72E1EBB9AB5001638C4 /* PBXContainerItemProxy */ = {
			isa = PBXContainerItemProxy;
			containerPortal = 9B5AFAD21C7205EB002347D6 /* Project object */;
			proxyType = 1;
			remoteGlobalIDString = 9B5AFAD91C7205EB002347D6;
			remoteInfo = "swift-base";
		};
/* End PBXContainerItemProxy section */

/* Begin PBXFileReference section */
		1458366E29562E7E6E12168C /* Pods-AcceptanceTests.staging.xcconfig */ = {isa = PBXFileReference; includeInIndex = 1; lastKnownFileType = text.xcconfig; name = "Pods-AcceptanceTests.staging.xcconfig"; path = "Pods/Target Support Files/Pods-AcceptanceTests/Pods-AcceptanceTests.staging.xcconfig"; sourceTree = "<group>"; };
		1EB9F2983C9956078874E8CC /* Pods_AcceptanceTests.framework */ = {isa = PBXFileReference; explicitFileType = wrapper.framework; includeInIndex = 0; path = Pods_AcceptanceTests.framework; sourceTree = BUILT_PRODUCTS_DIR; };
		3D948268C6BEC74EF2F9EC89 /* Pods-swift-base.release.xcconfig */ = {isa = PBXFileReference; includeInIndex = 1; lastKnownFileType = text.xcconfig; name = "Pods-swift-base.release.xcconfig"; path = "Pods/Target Support Files/Pods-swift-base/Pods-swift-base.release.xcconfig"; sourceTree = "<group>"; };
		55F1FE8FEC8BA22649B0768B /* Pods_swift_base.framework */ = {isa = PBXFileReference; explicitFileType = wrapper.framework; includeInIndex = 0; path = Pods_swift_base.framework; sourceTree = BUILT_PRODUCTS_DIR; };
		669D2068B8F33F633C444390 /* Pods-AcceptanceTests.release.xcconfig */ = {isa = PBXFileReference; includeInIndex = 1; lastKnownFileType = text.xcconfig; name = "Pods-AcceptanceTests.release.xcconfig"; path = "Pods/Target Support Files/Pods-AcceptanceTests/Pods-AcceptanceTests.release.xcconfig"; sourceTree = "<group>"; };
		924647830E5E3F8ED81E4AF4 /* Pods-AcceptanceTests.debug.xcconfig */ = {isa = PBXFileReference; includeInIndex = 1; lastKnownFileType = text.xcconfig; name = "Pods-AcceptanceTests.debug.xcconfig"; path = "Pods/Target Support Files/Pods-AcceptanceTests/Pods-AcceptanceTests.debug.xcconfig"; sourceTree = "<group>"; };
		92799089D128539EBD34549A /* Pods-swift-base.staging.xcconfig */ = {isa = PBXFileReference; includeInIndex = 1; lastKnownFileType = text.xcconfig; name = "Pods-swift-base.staging.xcconfig"; path = "Pods/Target Support Files/Pods-swift-base/Pods-swift-base.staging.xcconfig"; sourceTree = "<group>"; };
		9B0C72691C738D3400BAF3B1 /* AppDelegate.swift */ = {isa = PBXFileReference; fileEncoding = 4; indentWidth = 2; lastKnownFileType = sourcecode.swift; path = AppDelegate.swift; sourceTree = "<group>"; tabWidth = 2; };
		9B0C726A1C738D3400BAF3B1 /* Assets.xcassets */ = {isa = PBXFileReference; lastKnownFileType = folder.assetcatalog; path = Assets.xcassets; sourceTree = "<group>"; };
		9B0C726C1C738D3400BAF3B1 /* CommunicationManager.swift */ = {isa = PBXFileReference; fileEncoding = 4; lastKnownFileType = sourcecode.swift; path = CommunicationManager.swift; sourceTree = "<group>"; };
		9B0C726D1C738D3400BAF3B1 /* Info.plist */ = {isa = PBXFileReference; fileEncoding = 4; lastKnownFileType = text.plist.xml; path = Info.plist; sourceTree = "<group>"; };
		9B0C726E1C738D3400BAF3B1 /* UserServiceManager.swift */ = {isa = PBXFileReference; fileEncoding = 4; indentWidth = 2; lastKnownFileType = sourcecode.swift; path = UserServiceManager.swift; sourceTree = "<group>"; tabWidth = 2; };
		9B186ED71CA30DEF002CADE5 /* PaginatedTableView.swift */ = {isa = PBXFileReference; fileEncoding = 4; lastKnownFileType = sourcecode.swift; path = PaginatedTableView.swift; sourceTree = "<group>"; };
		9B2BF7291EBB9AB5001638C4 /* AcceptanceTests.xctest */ = {isa = PBXFileReference; explicitFileType = wrapper.cfbundle; includeInIndex = 0; path = AcceptanceTests.xctest; sourceTree = BUILT_PRODUCTS_DIR; };
		9B2BF72D1EBB9AB5001638C4 /* Info.plist */ = {isa = PBXFileReference; lastKnownFileType = text.plist.xml; path = Info.plist; sourceTree = "<group>"; };
		9B2BF7371EBB9B21001638C4 /* SignInSuccessfully.json */ = {isa = PBXFileReference; fileEncoding = 4; lastKnownFileType = text.json; name = SignInSuccessfully.json; path = StubFiles/SignIn/SignInSuccessfully.json; sourceTree = "<group>"; };
		9B2BF7391EBB9B45001638C4 /* SignUpSuccessfully.json */ = {isa = PBXFileReference; fileEncoding = 4; lastKnownFileType = text.json; name = SignUpSuccessfully.json; path = StubFiles/SignUp/SignUpSuccessfully.json; sourceTree = "<group>"; };
		9B2BF73B1EBBA30B001638C4 /* KIFExtensions.swift */ = {isa = PBXFileReference; fileEncoding = 4; lastKnownFileType = sourcecode.swift; path = KIFExtensions.swift; sourceTree = "<group>"; };
		9B2BF73D1EBBA415001638C4 /* AcceptanceTests-Bridging-Header.h */ = {isa = PBXFileReference; lastKnownFileType = sourcecode.c.h; path = "AcceptanceTests-Bridging-Header.h"; sourceTree = "<group>"; };
		9B3AA3981ED35007005A4D26 /* SignInViewController.swift */ = {isa = PBXFileReference; fileEncoding = 4; lastKnownFileType = sourcecode.swift; path = SignInViewController.swift; sourceTree = "<group>"; };
		9B3AA39A1ED35013005A4D26 /* SignUpViewController.swift */ = {isa = PBXFileReference; fileEncoding = 4; lastKnownFileType = sourcecode.swift; path = SignUpViewController.swift; sourceTree = "<group>"; };
		9B3AA3A01ED4D014005A4D26 /* HomeViewController.swift */ = {isa = PBXFileReference; fileEncoding = 4; lastKnownFileType = sourcecode.swift; path = HomeViewController.swift; sourceTree = "<group>"; };
		9B5AFADA1C7205EC002347D6 /* swiftbase.app */ = {isa = PBXFileReference; explicitFileType = wrapper.application; includeInIndex = 0; path = swiftbase.app; sourceTree = BUILT_PRODUCTS_DIR; };
		9B715A451E28083600C0C039 /* PlaceholderTextView.swift */ = {isa = PBXFileReference; fileEncoding = 4; indentWidth = 2; lastKnownFileType = sourcecode.swift; path = PlaceholderTextView.swift; sourceTree = "<group>"; tabWidth = 2; };
		9B77E0721E2FB6350020E450 /* User.swift */ = {isa = PBXFileReference; fileEncoding = 4; lastKnownFileType = sourcecode.swift; path = User.swift; sourceTree = "<group>"; };
		9B77E0741E2FB66F0020E450 /* UserDataManager.swift */ = {isa = PBXFileReference; fileEncoding = 4; lastKnownFileType = sourcecode.swift; path = UserDataManager.swift; sourceTree = "<group>"; };
		9B77E0781E2FCF710020E450 /* Media.swift */ = {isa = PBXFileReference; fileEncoding = 4; lastKnownFileType = sourcecode.swift; path = Media.swift; sourceTree = "<group>"; };
		9B88CC641CAB2DCE00AE60C5 /* PaginatedCollectionView.swift */ = {isa = PBXFileReference; fileEncoding = 4; lastKnownFileType = sourcecode.swift; path = PaginatedCollectionView.swift; sourceTree = "<group>"; };
		9B88CC661CAB305900AE60C5 /* Constants.swift */ = {isa = PBXFileReference; fileEncoding = 4; lastKnownFileType = sourcecode.swift; path = Constants.swift; sourceTree = "<group>"; };
		9B90C3A31ECB4A8A00FBE2FB /* cLogoutTests.swift */ = {isa = PBXFileReference; fileEncoding = 4; lastKnownFileType = sourcecode.swift; name = cLogoutTests.swift; path = Tests/cLogoutTests.swift; sourceTree = "<group>"; };
		9B90C3A41ECB4A8A00FBE2FB /* aSignInTests.swift */ = {isa = PBXFileReference; fileEncoding = 4; lastKnownFileType = sourcecode.swift; name = aSignInTests.swift; path = Tests/aSignInTests.swift; sourceTree = "<group>"; };
		9B90C3A51ECB4A8A00FBE2FB /* bSignUpTests.swift */ = {isa = PBXFileReference; fileEncoding = 4; lastKnownFileType = sourcecode.swift; name = bSignUpTests.swift; path = Tests/bSignUpTests.swift; sourceTree = "<group>"; };
		9BD01E351F01641E007255E3 /* DictionaryExtension.swift */ = {isa = PBXFileReference; fileEncoding = 4; lastKnownFileType = sourcecode.swift; path = DictionaryExtension.swift; sourceTree = "<group>"; };
		9BD4090F1CE9F19E005223C9 /* UIHelper.swift */ = {isa = PBXFileReference; fileEncoding = 4; indentWidth = 2; lastKnownFileType = sourcecode.swift; path = UIHelper.swift; sourceTree = "<group>"; tabWidth = 2; };
		9BFA84F21C776827009F64E4 /* LaunchScreen.storyboard */ = {isa = PBXFileReference; fileEncoding = 4; lastKnownFileType = file.storyboard; path = LaunchScreen.storyboard; sourceTree = "<group>"; };
		9BFA84F41C77682B009F64E4 /* Main.storyboard */ = {isa = PBXFileReference; fileEncoding = 4; lastKnownFileType = file.storyboard; path = Main.storyboard; sourceTree = "<group>"; };
		BBEBEB17E7326C831632AC1D /* Pods-swift-base.debug.xcconfig */ = {isa = PBXFileReference; includeInIndex = 1; lastKnownFileType = text.xcconfig; name = "Pods-swift-base.debug.xcconfig"; path = "Pods/Target Support Files/Pods-swift-base/Pods-swift-base.debug.xcconfig"; sourceTree = "<group>"; };
		E81171911DE5EFB7003D3DF5 /* UIViewControllerExtension.swift */ = {isa = PBXFileReference; fileEncoding = 4; indentWidth = 2; lastKnownFileType = sourcecode.swift; path = UIViewControllerExtension.swift; sourceTree = "<group>"; tabWidth = 2; };
		E8290BFD1D832D9200599960 /* UIViewExtension.swift */ = {isa = PBXFileReference; fileEncoding = 4; indentWidth = 2; lastKnownFileType = sourcecode.swift; path = UIViewExtension.swift; sourceTree = "<group>"; tabWidth = 2; };
		E8290C011D8330A800599960 /* StringExtension.swift */ = {isa = PBXFileReference; fileEncoding = 4; indentWidth = 2; lastKnownFileType = sourcecode.swift; path = StringExtension.swift; sourceTree = "<group>"; tabWidth = 2; };
		E8B30E011E72FF8000131DCF /* UIStoryboardExtension.swift */ = {isa = PBXFileReference; fileEncoding = 4; lastKnownFileType = sourcecode.swift; path = UIStoryboardExtension.swift; sourceTree = "<group>"; };
		E8FBB1BE1DD21A32000D6740 /* Session.swift */ = {isa = PBXFileReference; fileEncoding = 4; lastKnownFileType = sourcecode.swift; path = Session.swift; sourceTree = "<group>"; };
		E8FBB1C01DD21D18000D6740 /* SessionDataManager.swift */ = {isa = PBXFileReference; fileEncoding = 4; lastKnownFileType = sourcecode.swift; path = SessionDataManager.swift; sourceTree = "<group>"; };
		FA54D5871E11C59600F0DBEA /* FirstViewController.swift */ = {isa = PBXFileReference; fileEncoding = 4; indentWidth = 2; lastKnownFileType = sourcecode.swift; path = FirstViewController.swift; sourceTree = "<group>"; tabWidth = 2; };
		FABDC9211EE1EB2B000DDAC3 /* ConfigurationManager.swift */ = {isa = PBXFileReference; fileEncoding = 4; lastKnownFileType = sourcecode.swift; path = ConfigurationManager.swift; sourceTree = "<group>"; };
		FABDC9251EE207E6000DDAC3 /* ThirdPartyKeys.example.plist */ = {isa = PBXFileReference; fileEncoding = 4; lastKnownFileType = text.plist.xml; path = ThirdPartyKeys.example.plist; sourceTree = "<group>"; };
/* End PBXFileReference section */

/* Begin PBXFrameworksBuildPhase section */
		9B2BF7261EBB9AB5001638C4 /* Frameworks */ = {
			isa = PBXFrameworksBuildPhase;
			buildActionMask = 2147483647;
			files = (
				085B38C29F4FDEC66692EDA8 /* Pods_AcceptanceTests.framework in Frameworks */,
			);
			runOnlyForDeploymentPostprocessing = 0;
		};
		9B5AFAD71C7205EB002347D6 /* Frameworks */ = {
			isa = PBXFrameworksBuildPhase;
			buildActionMask = 2147483647;
			files = (
				C294D6B3D16ECB9B28F9F964 /* Pods_swift_base.framework in Frameworks */,
			);
			runOnlyForDeploymentPostprocessing = 0;
		};
/* End PBXFrameworksBuildPhase section */

/* Begin PBXGroup section */
		3A6E5B9685ACFB7294AE63A1 /* Frameworks */ = {
			isa = PBXGroup;
			children = (
				55F1FE8FEC8BA22649B0768B /* Pods_swift_base.framework */,
				1EB9F2983C9956078874E8CC /* Pods_AcceptanceTests.framework */,
			);
			name = Frameworks;
			sourceTree = "<group>";
		};
		9B0C72511C738C3100BAF3B1 /* swift-base */ = {
			isa = PBXGroup;
			children = (
				E8290BFC1D832D6400599960 /* Extensions */,
				9BFA84EF1C7767DD009F64E4 /* Helpers */,
				9BDA91E01C7390D30003877D /* Manager */,
				9BFA84EE1C7767D9009F64E4 /* Models */,
				9BDA91DF1C7390C10003877D /* Networking */,
				9BFA84ED1C7767D2009F64E4 /* ViewControllers */,
				E8290BFB1D832D4100599960 /* Views */,
				9B0C72691C738D3400BAF3B1 /* AppDelegate.swift */,
				9B0C726A1C738D3400BAF3B1 /* Assets.xcassets */,
				9B0C726D1C738D3400BAF3B1 /* Info.plist */,
				9BFA84F21C776827009F64E4 /* LaunchScreen.storyboard */,
				9BFA84F41C77682B009F64E4 /* Main.storyboard */,
				FABDC9251EE207E6000DDAC3 /* ThirdPartyKeys.example.plist */,
			);
			path = "swift-base";
			sourceTree = "<group>";
		};
		9B2BF72A1EBB9AB5001638C4 /* AcceptanceTests */ = {
			isa = PBXGroup;
			children = (
				9B90C39B1ECA01D100FBE2FB /* Tests */,
				9B2BF7341EBB9ABD001638C4 /* StubFiles */,
				9B2BF72D1EBB9AB5001638C4 /* Info.plist */,
				9B2BF73B1EBBA30B001638C4 /* KIFExtensions.swift */,
				9B2BF73D1EBBA415001638C4 /* AcceptanceTests-Bridging-Header.h */,
			);
			path = AcceptanceTests;
			sourceTree = "<group>";
		};
		9B2BF7341EBB9ABD001638C4 /* StubFiles */ = {
			isa = PBXGroup;
			children = (
				9B2BF7351EBB9ACA001638C4 /* SignIn */,
				9B2BF7361EBB9AD3001638C4 /* SignUp */,
			);
			name = StubFiles;
			sourceTree = "<group>";
		};
		9B2BF7351EBB9ACA001638C4 /* SignIn */ = {
			isa = PBXGroup;
			children = (
				9B2BF7371EBB9B21001638C4 /* SignInSuccessfully.json */,
			);
			name = SignIn;
			sourceTree = "<group>";
		};
		9B2BF7361EBB9AD3001638C4 /* SignUp */ = {
			isa = PBXGroup;
			children = (
				9B2BF7391EBB9B45001638C4 /* SignUpSuccessfully.json */,
			);
			name = SignUp;
			sourceTree = "<group>";
		};
		9B5AFAD11C7205EB002347D6 = {
			isa = PBXGroup;
			children = (
				9B0C72511C738C3100BAF3B1 /* swift-base */,
				3A6E5B9685ACFB7294AE63A1 /* Frameworks */,
				EC7EBFF28F703A3155DF49CF /* Pods */,
				9B5AFADB1C7205EC002347D6 /* Products */,
				9B2BF72A1EBB9AB5001638C4 /* AcceptanceTests */,
			);
			sourceTree = "<group>";
		};
		9B5AFADB1C7205EC002347D6 /* Products */ = {
			isa = PBXGroup;
			children = (
				9B5AFADA1C7205EC002347D6 /* swiftbase.app */,
				9B2BF7291EBB9AB5001638C4 /* AcceptanceTests.xctest */,
			);
			name = Products;
			sourceTree = "<group>";
		};
		9B90C39B1ECA01D100FBE2FB /* Tests */ = {
			isa = PBXGroup;
			children = (
				9B90C3A41ECB4A8A00FBE2FB /* aSignInTests.swift */,
				9B90C3A51ECB4A8A00FBE2FB /* bSignUpTests.swift */,
				9B90C3A31ECB4A8A00FBE2FB /* cLogoutTests.swift */,
			);
			name = Tests;
			sourceTree = "<group>";
		};
		9BDA91DF1C7390C10003877D /* Networking */ = {
			isa = PBXGroup;
			children = (
				9BFA84F11C776817009F64E4 /* Services */,
				9B0C726C1C738D3400BAF3B1 /* CommunicationManager.swift */,
				9B77E0781E2FCF710020E450 /* Media.swift */,
			);
			path = Networking;
			sourceTree = "<group>";
		};
		9BDA91E01C7390D30003877D /* Manager */ = {
			isa = PBXGroup;
			children = (
				E8FBB1C01DD21D18000D6740 /* SessionDataManager.swift */,
				9B77E0741E2FB66F0020E450 /* UserDataManager.swift */,
				FABDC9211EE1EB2B000DDAC3 /* ConfigurationManager.swift */,
			);
			path = Manager;
			sourceTree = "<group>";
		};
		9BFA84ED1C7767D2009F64E4 /* ViewControllers */ = {
			isa = PBXGroup;
			children = (
				FA54D5871E11C59600F0DBEA /* FirstViewController.swift */,
				9B3AA3981ED35007005A4D26 /* SignInViewController.swift */,
				9B3AA39A1ED35013005A4D26 /* SignUpViewController.swift */,
				9B3AA3A01ED4D014005A4D26 /* HomeViewController.swift */,
			);
			path = ViewControllers;
			sourceTree = "<group>";
		};
		9BFA84EE1C7767D9009F64E4 /* Models */ = {
			isa = PBXGroup;
			children = (
				E8FBB1BE1DD21A32000D6740 /* Session.swift */,
				9B77E0721E2FB6350020E450 /* User.swift */,
			);
			path = Models;
			sourceTree = "<group>";
		};
		9BFA84EF1C7767DD009F64E4 /* Helpers */ = {
			isa = PBXGroup;
			children = (
				9B88CC661CAB305900AE60C5 /* Constants.swift */,
				9B88CC641CAB2DCE00AE60C5 /* PaginatedCollectionView.swift */,
				9B186ED71CA30DEF002CADE5 /* PaginatedTableView.swift */,
				9BD4090F1CE9F19E005223C9 /* UIHelper.swift */,
			);
			path = Helpers;
			sourceTree = "<group>";
		};
		9BFA84F11C776817009F64E4 /* Services */ = {
			isa = PBXGroup;
			children = (
				9B0C726E1C738D3400BAF3B1 /* UserServiceManager.swift */,
			);
			path = Services;
			sourceTree = "<group>";
		};
		E8290BFB1D832D4100599960 /* Views */ = {
			isa = PBXGroup;
			children = (
				9B715A451E28083600C0C039 /* PlaceholderTextView.swift */,
			);
			path = Views;
			sourceTree = "<group>";
		};
		E8290BFC1D832D6400599960 /* Extensions */ = {
			isa = PBXGroup;
			children = (
				E8290C011D8330A800599960 /* StringExtension.swift */,
				E81171911DE5EFB7003D3DF5 /* UIViewControllerExtension.swift */,
				E8290BFD1D832D9200599960 /* UIViewExtension.swift */,
				E8B30E011E72FF8000131DCF /* UIStoryboardExtension.swift */,
				9BD01E351F01641E007255E3 /* DictionaryExtension.swift */,
			);
			path = Extensions;
			sourceTree = "<group>";
		};
		EC7EBFF28F703A3155DF49CF /* Pods */ = {
			isa = PBXGroup;
			children = (
				BBEBEB17E7326C831632AC1D /* Pods-swift-base.debug.xcconfig */,
				92799089D128539EBD34549A /* Pods-swift-base.staging.xcconfig */,
				3D948268C6BEC74EF2F9EC89 /* Pods-swift-base.release.xcconfig */,
				924647830E5E3F8ED81E4AF4 /* Pods-AcceptanceTests.debug.xcconfig */,
				1458366E29562E7E6E12168C /* Pods-AcceptanceTests.staging.xcconfig */,
				669D2068B8F33F633C444390 /* Pods-AcceptanceTests.release.xcconfig */,
			);
			name = Pods;
			sourceTree = "<group>";
		};
/* End PBXGroup section */

/* Begin PBXNativeTarget section */
		9B2BF7281EBB9AB5001638C4 /* AcceptanceTests */ = {
			isa = PBXNativeTarget;
			buildConfigurationList = 9B2BF7331EBB9AB5001638C4 /* Build configuration list for PBXNativeTarget "AcceptanceTests" */;
			buildPhases = (
				F6934090A737BA2AC913A7C2 /* [CP] Check Pods Manifest.lock */,
				9B2BF7251EBB9AB5001638C4 /* Sources */,
				9B2BF7261EBB9AB5001638C4 /* Frameworks */,
				9B2BF7271EBB9AB5001638C4 /* Resources */,
				096F84EF4865960BBE2E563A /* [CP] Embed Pods Frameworks */,
				FF6432F157233096C43DCC7B /* [CP] Copy Pods Resources */,
			);
			buildRules = (
			);
			dependencies = (
				9B2BF72F1EBB9AB5001638C4 /* PBXTargetDependency */,
			);
			name = AcceptanceTests;
			productName = AcceptanceTests;
			productReference = 9B2BF7291EBB9AB5001638C4 /* AcceptanceTests.xctest */;
			productType = "com.apple.product-type.bundle.unit-test";
		};
		9B5AFAD91C7205EB002347D6 /* swift-base */ = {
			isa = PBXNativeTarget;
			buildConfigurationList = 9B5AFAEC1C7205EC002347D6 /* Build configuration list for PBXNativeTarget "swift-base" */;
			buildPhases = (
				234262FA9C5BCEF08E87CB37 /* [CP] Check Pods Manifest.lock */,
				9B5AFAD61C7205EB002347D6 /* Sources */,
				9B5AFAD71C7205EB002347D6 /* Frameworks */,
				9B5AFAD81C7205EB002347D6 /* Resources */,
				9B22F5581C720E7D003DDCD8 /* ShellScript */,
				81F110028DEA7A4F442F6DAB /* [CP] Embed Pods Frameworks */,
				9F81EF18B9A3A5EDCC7E23D6 /* [CP] Copy Pods Resources */,
			);
			buildRules = (
			);
			dependencies = (
			);
			name = "swift-base";
			productName = "delfie-ios";
			productReference = 9B5AFADA1C7205EC002347D6 /* swiftbase.app */;
			productType = "com.apple.product-type.application";
		};
/* End PBXNativeTarget section */

/* Begin PBXProject section */
		9B5AFAD21C7205EB002347D6 /* Project object */ = {
			isa = PBXProject;
			attributes = {
				LastSwiftUpdateCheck = 0830;
				LastUpgradeCheck = 0810;
				ORGANIZATIONNAME = "TopTier labs";
				TargetAttributes = {
					9B2BF7281EBB9AB5001638C4 = {
						CreatedOnToolsVersion = 8.3.2;
						DevelopmentTeam = 2R9P8RBGBJ;
						ProvisioningStyle = Automatic;
						TestTargetID = 9B5AFAD91C7205EB002347D6;
					};
					9B5AFAD91C7205EB002347D6 = {
						CreatedOnToolsVersion = 7.2;
						DevelopmentTeam = 2R9P8RBGBJ;
						LastSwiftMigration = 0800;
						ProvisioningStyle = Automatic;
					};
				};
			};
			buildConfigurationList = 9B5AFAD51C7205EB002347D6 /* Build configuration list for PBXProject "swift-base" */;
			compatibilityVersion = "Xcode 3.2";
			developmentRegion = English;
			hasScannedForEncodings = 0;
			knownRegions = (
				en,
				Base,
			);
			mainGroup = 9B5AFAD11C7205EB002347D6;
			productRefGroup = 9B5AFADB1C7205EC002347D6 /* Products */;
			projectDirPath = "";
			projectRoot = "";
			targets = (
				9B5AFAD91C7205EB002347D6 /* swift-base */,
				9B2BF7281EBB9AB5001638C4 /* AcceptanceTests */,
			);
		};
/* End PBXProject section */

/* Begin PBXResourcesBuildPhase section */
		9B2BF7271EBB9AB5001638C4 /* Resources */ = {
			isa = PBXResourcesBuildPhase;
			buildActionMask = 2147483647;
			files = (
				9B2BF73A1EBB9B45001638C4 /* SignUpSuccessfully.json in Resources */,
				9B2BF7381EBB9B21001638C4 /* SignInSuccessfully.json in Resources */,
			);
			runOnlyForDeploymentPostprocessing = 0;
		};
		9B5AFAD81C7205EB002347D6 /* Resources */ = {
			isa = PBXResourcesBuildPhase;
			buildActionMask = 2147483647;
			files = (
				9BFA84F51C77682B009F64E4 /* Main.storyboard in Resources */,
				FABDC9261EE207E6000DDAC3 /* ThirdPartyKeys.example.plist in Resources */,
				9BFA84F31C776827009F64E4 /* LaunchScreen.storyboard in Resources */,
				9B0C72721C738D3400BAF3B1 /* Assets.xcassets in Resources */,
			);
			runOnlyForDeploymentPostprocessing = 0;
		};
/* End PBXResourcesBuildPhase section */

/* Begin PBXShellScriptBuildPhase section */
		096F84EF4865960BBE2E563A /* [CP] Embed Pods Frameworks */ = {
			isa = PBXShellScriptBuildPhase;
			buildActionMask = 2147483647;
			files = (
			);
			inputPaths = (
			);
			name = "[CP] Embed Pods Frameworks";
			outputPaths = (
			);
			runOnlyForDeploymentPostprocessing = 0;
			shellPath = /bin/sh;
			shellScript = "\"${SRCROOT}/Pods/Target Support Files/Pods-AcceptanceTests/Pods-AcceptanceTests-frameworks.sh\"\n";
			showEnvVarsInLog = 0;
		};
		234262FA9C5BCEF08E87CB37 /* [CP] Check Pods Manifest.lock */ = {
			isa = PBXShellScriptBuildPhase;
			buildActionMask = 2147483647;
			files = (
			);
			inputPaths = (
			);
			name = "[CP] Check Pods Manifest.lock";
			outputPaths = (
			);
			runOnlyForDeploymentPostprocessing = 0;
			shellPath = /bin/sh;
			shellScript = "diff \"${PODS_PODFILE_DIR_PATH}/Podfile.lock\" \"${PODS_ROOT}/Manifest.lock\" > /dev/null\nif [ $? != 0 ] ; then\n    # print error to STDERR\n    echo \"error: The sandbox is not in sync with the Podfile.lock. Run 'pod install' or update your CocoaPods installation.\" >&2\n    exit 1\nfi\n";
			showEnvVarsInLog = 0;
		};
		81F110028DEA7A4F442F6DAB /* [CP] Embed Pods Frameworks */ = {
			isa = PBXShellScriptBuildPhase;
			buildActionMask = 2147483647;
			files = (
			);
			inputPaths = (
			);
			name = "[CP] Embed Pods Frameworks";
			outputPaths = (
			);
			runOnlyForDeploymentPostprocessing = 0;
			shellPath = /bin/sh;
			shellScript = "\"${SRCROOT}/Pods/Target Support Files/Pods-swift-base/Pods-swift-base-frameworks.sh\"\n";
			showEnvVarsInLog = 0;
		};
		9B22F5581C720E7D003DDCD8 /* ShellScript */ = {
			isa = PBXShellScriptBuildPhase;
			buildActionMask = 2147483647;
			files = (
			);
			inputPaths = (
			);
			outputPaths = (
			);
			runOnlyForDeploymentPostprocessing = 0;
			shellPath = /bin/sh;
			shellScript = "if which swiftlint >/dev/null; then\nswiftlint\nelse\necho \"warning: SwiftLint not installed, download from https://github.com/realm/SwiftLint\"\nfi";
		};
		9F81EF18B9A3A5EDCC7E23D6 /* [CP] Copy Pods Resources */ = {
			isa = PBXShellScriptBuildPhase;
			buildActionMask = 2147483647;
			files = (
			);
			inputPaths = (
			);
			name = "[CP] Copy Pods Resources";
			outputPaths = (
			);
			runOnlyForDeploymentPostprocessing = 0;
			shellPath = /bin/sh;
			shellScript = "\"${SRCROOT}/Pods/Target Support Files/Pods-swift-base/Pods-swift-base-resources.sh\"\n";
			showEnvVarsInLog = 0;
		};
		F6934090A737BA2AC913A7C2 /* [CP] Check Pods Manifest.lock */ = {
			isa = PBXShellScriptBuildPhase;
			buildActionMask = 2147483647;
			files = (
			);
			inputPaths = (
			);
			name = "[CP] Check Pods Manifest.lock";
			outputPaths = (
			);
			runOnlyForDeploymentPostprocessing = 0;
			shellPath = /bin/sh;
			shellScript = "diff \"${PODS_PODFILE_DIR_PATH}/Podfile.lock\" \"${PODS_ROOT}/Manifest.lock\" > /dev/null\nif [ $? != 0 ] ; then\n    # print error to STDERR\n    echo \"error: The sandbox is not in sync with the Podfile.lock. Run 'pod install' or update your CocoaPods installation.\" >&2\n    exit 1\nfi\n";
			showEnvVarsInLog = 0;
		};
		FF6432F157233096C43DCC7B /* [CP] Copy Pods Resources */ = {
			isa = PBXShellScriptBuildPhase;
			buildActionMask = 2147483647;
			files = (
			);
			inputPaths = (
			);
			name = "[CP] Copy Pods Resources";
			outputPaths = (
			);
			runOnlyForDeploymentPostprocessing = 0;
			shellPath = /bin/sh;
			shellScript = "\"${SRCROOT}/Pods/Target Support Files/Pods-AcceptanceTests/Pods-AcceptanceTests-resources.sh\"\n";
			showEnvVarsInLog = 0;
		};
/* End PBXShellScriptBuildPhase section */

/* Begin PBXSourcesBuildPhase section */
		9B2BF7251EBB9AB5001638C4 /* Sources */ = {
			isa = PBXSourcesBuildPhase;
			buildActionMask = 2147483647;
			files = (
				9B90C3A71ECB4A8A00FBE2FB /* aSignInTests.swift in Sources */,
				9B90C3A81ECB4A8A00FBE2FB /* bSignUpTests.swift in Sources */,
				9B2BF73C1EBBA30B001638C4 /* KIFExtensions.swift in Sources */,
				9B90C3A61ECB4A8A00FBE2FB /* cLogoutTests.swift in Sources */,
			);
			runOnlyForDeploymentPostprocessing = 0;
		};
		9B5AFAD61C7205EB002347D6 /* Sources */ = {
			isa = PBXSourcesBuildPhase;
			buildActionMask = 2147483647;
			files = (
				E8290BFE1D832D9200599960 /* UIViewExtension.swift in Sources */,
				9BD409101CE9F19E005223C9 /* UIHelper.swift in Sources */,
				9B186ED81CA30DEF002CADE5 /* PaginatedTableView.swift in Sources */,
				9B88CC651CAB2DCE00AE60C5 /* PaginatedCollectionView.swift in Sources */,
				E8B30E021E72FF8000131DCF /* UIStoryboardExtension.swift in Sources */,
				9B3AA3A11ED4D014005A4D26 /* HomeViewController.swift in Sources */,
				9B77E0751E2FB66F0020E450 /* UserDataManager.swift in Sources */,
				9B0C72741C738D3400BAF3B1 /* CommunicationManager.swift in Sources */,
				9BD01E361F01641E007255E3 /* DictionaryExtension.swift in Sources */,
				E8290C021D8330A800599960 /* StringExtension.swift in Sources */,
				E81171921DE5EFB7003D3DF5 /* UIViewControllerExtension.swift in Sources */,
				9B3AA3991ED35007005A4D26 /* SignInViewController.swift in Sources */,
				E8FBB1BF1DD21A32000D6740 /* Session.swift in Sources */,
				9B77E0731E2FB6350020E450 /* User.swift in Sources */,
				FA54D5881E11C59600F0DBEA /* FirstViewController.swift in Sources */,
				FABDC9221EE1EB2B000DDAC3 /* ConfigurationManager.swift in Sources */,
				9B0C72761C738D3400BAF3B1 /* UserServiceManager.swift in Sources */,
				9B3AA39B1ED35013005A4D26 /* SignUpViewController.swift in Sources */,
				9B0C72711C738D3400BAF3B1 /* AppDelegate.swift in Sources */,
				E8FBB1C11DD21D18000D6740 /* SessionDataManager.swift in Sources */,
				9B77E0791E2FCF710020E450 /* Media.swift in Sources */,
				9B88CC671CAB305900AE60C5 /* Constants.swift in Sources */,
				9B715A461E28083600C0C039 /* PlaceholderTextView.swift in Sources */,
			);
			runOnlyForDeploymentPostprocessing = 0;
		};
/* End PBXSourcesBuildPhase section */

/* Begin PBXTargetDependency section */
		9B2BF72F1EBB9AB5001638C4 /* PBXTargetDependency */ = {
			isa = PBXTargetDependency;
			target = 9B5AFAD91C7205EB002347D6 /* swift-base */;
			targetProxy = 9B2BF72E1EBB9AB5001638C4 /* PBXContainerItemProxy */;
		};
/* End PBXTargetDependency section */

/* Begin XCBuildConfiguration section */
		9B2BF7301EBB9AB5001638C4 /* Debug */ = {
			isa = XCBuildConfiguration;
			baseConfigurationReference = 924647830E5E3F8ED81E4AF4 /* Pods-AcceptanceTests.debug.xcconfig */;
			buildSettings = {
				BUNDLE_LOADER = "$(TEST_HOST)";
				CLANG_ANALYZER_NONNULL = YES;
				CLANG_ANALYZER_NUMBER_OBJECT_CONVERSION = YES_AGGRESSIVE;
				CLANG_WARN_DOCUMENTATION_COMMENTS = YES;
				DEVELOPMENT_TEAM = 2R9P8RBGBJ;
				INFOPLIST_FILE = AcceptanceTests/Info.plist;
				IPHONEOS_DEPLOYMENT_TARGET = 10.3;
				LD_RUNPATH_SEARCH_PATHS = "$(inherited) @executable_path/Frameworks @loader_path/Frameworks";
				PRODUCT_BUNDLE_IDENTIFIER = com.example.AcceptanceTests;
				PRODUCT_NAME = "$(TARGET_NAME)";
				SWIFT_ACTIVE_COMPILATION_CONDITIONS = DEBUG;
				SWIFT_OBJC_BRIDGING_HEADER = "${PROJECT_DIR}/AcceptanceTests/AcceptanceTests-Bridging-Header.h";
				SWIFT_VERSION = 3.0;
				TEST_HOST = "$(BUILT_PRODUCTS_DIR)/swiftbase.app/swiftbase";
				USER_HEADER_SEARCH_PATHS = "";
			};
			name = Debug;
		};
		9B2BF7311EBB9AB5001638C4 /* Staging */ = {
			isa = XCBuildConfiguration;
			baseConfigurationReference = 1458366E29562E7E6E12168C /* Pods-AcceptanceTests.staging.xcconfig */;
			buildSettings = {
				BUNDLE_LOADER = "$(TEST_HOST)";
				CLANG_ANALYZER_NONNULL = YES;
				CLANG_ANALYZER_NUMBER_OBJECT_CONVERSION = YES_AGGRESSIVE;
				CLANG_WARN_DOCUMENTATION_COMMENTS = YES;
				DEVELOPMENT_TEAM = 2R9P8RBGBJ;
				INFOPLIST_FILE = AcceptanceTests/Info.plist;
				IPHONEOS_DEPLOYMENT_TARGET = 10.3;
				LD_RUNPATH_SEARCH_PATHS = "$(inherited) @executable_path/Frameworks @loader_path/Frameworks";
				PRODUCT_BUNDLE_IDENTIFIER = com.example.AcceptanceTests;
				PRODUCT_NAME = "$(TARGET_NAME)";
				SWIFT_OBJC_BRIDGING_HEADER = "${PROJECT_DIR}/AcceptanceTests/AcceptanceTests-Bridging-Header.h";
				SWIFT_VERSION = 3.0;
				TEST_HOST = "$(BUILT_PRODUCTS_DIR)/swiftbase.app/swiftbase";
				USER_HEADER_SEARCH_PATHS = "";
			};
			name = Staging;
		};
		9B2BF7321EBB9AB5001638C4 /* Release */ = {
			isa = XCBuildConfiguration;
			baseConfigurationReference = 669D2068B8F33F633C444390 /* Pods-AcceptanceTests.release.xcconfig */;
			buildSettings = {
				BUNDLE_LOADER = "$(TEST_HOST)";
				CLANG_ANALYZER_NONNULL = YES;
				CLANG_ANALYZER_NUMBER_OBJECT_CONVERSION = YES_AGGRESSIVE;
				CLANG_WARN_DOCUMENTATION_COMMENTS = YES;
				DEVELOPMENT_TEAM = 2R9P8RBGBJ;
				INFOPLIST_FILE = AcceptanceTests/Info.plist;
				IPHONEOS_DEPLOYMENT_TARGET = 10.3;
				LD_RUNPATH_SEARCH_PATHS = "$(inherited) @executable_path/Frameworks @loader_path/Frameworks";
				PRODUCT_BUNDLE_IDENTIFIER = com.example.AcceptanceTests;
				PRODUCT_NAME = "$(TARGET_NAME)";
				SWIFT_OBJC_BRIDGING_HEADER = "${PROJECT_DIR}/AcceptanceTests/AcceptanceTests-Bridging-Header.h";
				SWIFT_VERSION = 3.0;
				TEST_HOST = "$(BUILT_PRODUCTS_DIR)/swiftbase.app/swiftbase";
				USER_HEADER_SEARCH_PATHS = "";
			};
			name = Release;
		};
		9B5AFAEA1C7205EC002347D6 /* Debug */ = {
			isa = XCBuildConfiguration;
			buildSettings = {
				ALWAYS_SEARCH_USER_PATHS = NO;
				BASE_URL = "http://localhost:3000/api/v1";
				CLANG_CXX_LANGUAGE_STANDARD = "gnu++0x";
				CLANG_CXX_LIBRARY = "libc++";
				CLANG_ENABLE_MODULES = YES;
				CLANG_ENABLE_OBJC_ARC = YES;
				CLANG_WARN_BOOL_CONVERSION = YES;
				CLANG_WARN_CONSTANT_CONVERSION = YES;
				CLANG_WARN_DIRECT_OBJC_ISA_USAGE = YES_ERROR;
				CLANG_WARN_EMPTY_BODY = YES;
				CLANG_WARN_ENUM_CONVERSION = YES;
				CLANG_WARN_INFINITE_RECURSION = YES;
				CLANG_WARN_INT_CONVERSION = YES;
				CLANG_WARN_OBJC_ROOT_CLASS = YES_ERROR;
				CLANG_WARN_SUSPICIOUS_MOVE = YES;
				CLANG_WARN_UNREACHABLE_CODE = YES;
				CLANG_WARN__DUPLICATE_METHOD_MATCH = YES;
				"CODE_SIGN_IDENTITY[sdk=iphoneos*]" = "iPhone Developer";
				COPY_PHASE_STRIP = NO;
				DEBUG_INFORMATION_FORMAT = dwarf;
				ENABLE_STRICT_OBJC_MSGSEND = YES;
				ENABLE_TESTABILITY = YES;
				GCC_C_LANGUAGE_STANDARD = gnu99;
				GCC_DYNAMIC_NO_PIC = NO;
				GCC_NO_COMMON_BLOCKS = YES;
				GCC_OPTIMIZATION_LEVEL = 0;
				GCC_PREPROCESSOR_DEFINITIONS = (
					"DEBUG=1",
					"$(inherited)",
				);
				GCC_WARN_64_TO_32_BIT_CONVERSION = YES;
				GCC_WARN_ABOUT_RETURN_TYPE = YES_ERROR;
				GCC_WARN_UNDECLARED_SELECTOR = YES;
				GCC_WARN_UNINITIALIZED_AUTOS = YES_AGGRESSIVE;
				GCC_WARN_UNUSED_FUNCTION = YES;
				GCC_WARN_UNUSED_VARIABLE = YES;
				INFOPLIST_PREPROCESS = NO;
				IPHONEOS_DEPLOYMENT_TARGET = 9.2;
				MTL_ENABLE_DEBUG_INFO = YES;
				ONLY_ACTIVE_ARCH = YES;
				SDKROOT = iphoneos;
				SWIFT_OPTIMIZATION_LEVEL = "-Onone";
				SWIFT_VERSION = 3.0;
			};
			name = Debug;
		};
		9B5AFAEB1C7205EC002347D6 /* Release */ = {
			isa = XCBuildConfiguration;
			buildSettings = {
				ALWAYS_SEARCH_USER_PATHS = NO;
				BASE_URL = "http://delfie-staging.herokuapp.com/api/v1";
				CLANG_CXX_LANGUAGE_STANDARD = "gnu++0x";
				CLANG_CXX_LIBRARY = "libc++";
				CLANG_ENABLE_MODULES = YES;
				CLANG_ENABLE_OBJC_ARC = YES;
				CLANG_WARN_BOOL_CONVERSION = YES;
				CLANG_WARN_CONSTANT_CONVERSION = YES;
				CLANG_WARN_DIRECT_OBJC_ISA_USAGE = YES_ERROR;
				CLANG_WARN_EMPTY_BODY = YES;
				CLANG_WARN_ENUM_CONVERSION = YES;
				CLANG_WARN_INFINITE_RECURSION = YES;
				CLANG_WARN_INT_CONVERSION = YES;
				CLANG_WARN_OBJC_ROOT_CLASS = YES_ERROR;
				CLANG_WARN_SUSPICIOUS_MOVE = YES;
				CLANG_WARN_UNREACHABLE_CODE = YES;
				CLANG_WARN__DUPLICATE_METHOD_MATCH = YES;
				"CODE_SIGN_IDENTITY[sdk=iphoneos*]" = "iPhone Developer";
				COPY_PHASE_STRIP = NO;
				DEBUG_INFORMATION_FORMAT = "dwarf-with-dsym";
				ENABLE_NS_ASSERTIONS = NO;
				ENABLE_STRICT_OBJC_MSGSEND = YES;
				GCC_C_LANGUAGE_STANDARD = gnu99;
				GCC_NO_COMMON_BLOCKS = YES;
				GCC_WARN_64_TO_32_BIT_CONVERSION = YES;
				GCC_WARN_ABOUT_RETURN_TYPE = YES_ERROR;
				GCC_WARN_UNDECLARED_SELECTOR = YES;
				GCC_WARN_UNINITIALIZED_AUTOS = YES_AGGRESSIVE;
				GCC_WARN_UNUSED_FUNCTION = YES;
				GCC_WARN_UNUSED_VARIABLE = YES;
				INFOPLIST_PREPROCESS = NO;
				IPHONEOS_DEPLOYMENT_TARGET = 9.2;
				MTL_ENABLE_DEBUG_INFO = NO;
				SDKROOT = iphoneos;
				SWIFT_OPTIMIZATION_LEVEL = "-Owholemodule";
				SWIFT_VERSION = 3.0;
				VALIDATE_PRODUCT = YES;
			};
			name = Release;
		};
		9B5AFAED1C7205EC002347D6 /* Debug */ = {
			isa = XCBuildConfiguration;
			baseConfigurationReference = BBEBEB17E7326C831632AC1D /* Pods-swift-base.debug.xcconfig */;
			buildSettings = {
				ALWAYS_EMBED_SWIFT_STANDARD_LIBRARIES = "$(inherited)";
				ASSETCATALOG_COMPILER_APPICON_NAME = AppIcon;
				BASE_URL = "https://rails5-api-base.herokuapp.com/api/v1";
				CLANG_ENABLE_MODULES = YES;
				"CODE_SIGN_IDENTITY[sdk=iphoneos*]" = "iPhone Developer";
				DEVELOPMENT_TEAM = 2R9P8RBGBJ;
				FRAMEWORK_SEARCH_PATHS = (
					"$(inherited)",
					"$(PROJECT_DIR)/frameworks",
				);
				INFOPLIST_FILE = "swift-base/Info.plist";
				LD_RUNPATH_SEARCH_PATHS = "$(inherited) @executable_path/Frameworks";
				PRODUCT_BUNDLE_IDENTIFIER = com.toptier.TargetMVD;
				PRODUCT_NAME = swiftbase;
				PROVISIONING_PROFILE = "";
				PROVISIONING_PROFILE_SPECIFIER = "";
				SWIFT_OBJC_BRIDGING_HEADER = "";
				SWIFT_OPTIMIZATION_LEVEL = "-Onone";
				SWIFT_VERSION = 3.0;
			};
			name = Debug;
		};
		9B5AFAEE1C7205EC002347D6 /* Release */ = {
			isa = XCBuildConfiguration;
			baseConfigurationReference = 3D948268C6BEC74EF2F9EC89 /* Pods-swift-base.release.xcconfig */;
			buildSettings = {
				ALWAYS_EMBED_SWIFT_STANDARD_LIBRARIES = "$(inherited)";
				ASSETCATALOG_COMPILER_APPICON_NAME = AppIcon;
				BASE_URL = "https://rails5-api-base.herokuapp.com/api/v1";
				CLANG_ENABLE_MODULES = YES;
				"CODE_SIGN_IDENTITY[sdk=iphoneos*]" = "iPhone Developer";
				DEVELOPMENT_TEAM = 2R9P8RBGBJ;
				FRAMEWORK_SEARCH_PATHS = (
					"$(inherited)",
					"$(PROJECT_DIR)/frameworks",
				);
				INFOPLIST_FILE = "swift-base/Info.plist";
				LD_RUNPATH_SEARCH_PATHS = "$(inherited) @executable_path/Frameworks";
				PRODUCT_BUNDLE_IDENTIFIER = com.toptier.TargetMVD;
				PRODUCT_NAME = swiftbase;
				PROVISIONING_PROFILE = "";
				PROVISIONING_PROFILE_SPECIFIER = "";
				SWIFT_OBJC_BRIDGING_HEADER = "";
				SWIFT_VERSION = 3.0;
			};
			name = Release;
		};
		9BEE614B1C736054002E43B2 /* Staging */ = {
			isa = XCBuildConfiguration;
			buildSettings = {
				ALWAYS_SEARCH_USER_PATHS = NO;
				BASE_URL = "http://delfie-staging.herokuapp.com/api/v1";
				CLANG_CXX_LANGUAGE_STANDARD = "gnu++0x";
				CLANG_CXX_LIBRARY = "libc++";
				CLANG_ENABLE_MODULES = YES;
				CLANG_ENABLE_OBJC_ARC = YES;
				CLANG_WARN_BOOL_CONVERSION = YES;
				CLANG_WARN_CONSTANT_CONVERSION = YES;
				CLANG_WARN_DIRECT_OBJC_ISA_USAGE = YES_ERROR;
				CLANG_WARN_EMPTY_BODY = YES;
				CLANG_WARN_ENUM_CONVERSION = YES;
				CLANG_WARN_INFINITE_RECURSION = YES;
				CLANG_WARN_INT_CONVERSION = YES;
				CLANG_WARN_OBJC_ROOT_CLASS = YES_ERROR;
				CLANG_WARN_SUSPICIOUS_MOVE = YES;
				CLANG_WARN_UNREACHABLE_CODE = YES;
				CLANG_WARN__DUPLICATE_METHOD_MATCH = YES;
				"CODE_SIGN_IDENTITY[sdk=iphoneos*]" = "iPhone Developer";
				COPY_PHASE_STRIP = NO;
				DEBUG_INFORMATION_FORMAT = dwarf;
				ENABLE_STRICT_OBJC_MSGSEND = YES;
				ENABLE_TESTABILITY = YES;
				GCC_C_LANGUAGE_STANDARD = gnu99;
				GCC_DYNAMIC_NO_PIC = NO;
				GCC_NO_COMMON_BLOCKS = YES;
				GCC_OPTIMIZATION_LEVEL = 0;
				GCC_PREPROCESSOR_DEFINITIONS = (
					"DEBUG=1",
					"$(inherited)",
				);
				GCC_WARN_64_TO_32_BIT_CONVERSION = YES;
				GCC_WARN_ABOUT_RETURN_TYPE = YES_ERROR;
				GCC_WARN_UNDECLARED_SELECTOR = YES;
				GCC_WARN_UNINITIALIZED_AUTOS = YES_AGGRESSIVE;
				GCC_WARN_UNUSED_FUNCTION = YES;
				GCC_WARN_UNUSED_VARIABLE = YES;
				INFOPLIST_PREPROCESS = NO;
				IPHONEOS_DEPLOYMENT_TARGET = 9.2;
				MTL_ENABLE_DEBUG_INFO = YES;
				ONLY_ACTIVE_ARCH = YES;
				SDKROOT = iphoneos;
				SWIFT_OPTIMIZATION_LEVEL = "-Onone";
				SWIFT_VERSION = 3.0;
			};
			name = Staging;
		};
		9BEE614C1C736054002E43B2 /* Staging */ = {
			isa = XCBuildConfiguration;
			baseConfigurationReference = 92799089D128539EBD34549A /* Pods-swift-base.staging.xcconfig */;
			buildSettings = {
				ALWAYS_EMBED_SWIFT_STANDARD_LIBRARIES = "$(inherited)";
				ASSETCATALOG_COMPILER_APPICON_NAME = AppIcon;
				BASE_URL = "https://rails5-api-base.herokuapp.com/api/v1";
				CLANG_ENABLE_MODULES = YES;
				"CODE_SIGN_IDENTITY[sdk=iphoneos*]" = "iPhone Developer";
				DEVELOPMENT_TEAM = 2R9P8RBGBJ;
				FRAMEWORK_SEARCH_PATHS = (
					"$(inherited)",
					"$(PROJECT_DIR)/frameworks",
				);
				INFOPLIST_FILE = "swift-base/Info.plist";
				LD_RUNPATH_SEARCH_PATHS = "$(inherited) @executable_path/Frameworks";
				PRODUCT_BUNDLE_IDENTIFIER = com.toptier.TargetMVD;
				PRODUCT_NAME = swiftbase;
				PROVISIONING_PROFILE = "";
				PROVISIONING_PROFILE_SPECIFIER = "";
				SWIFT_OBJC_BRIDGING_HEADER = "";
				SWIFT_OPTIMIZATION_LEVEL = "-Onone";
				SWIFT_VERSION = 3.0;
			};
			name = Staging;
		};
/* End XCBuildConfiguration section */

/* Begin XCConfigurationList section */
		9B2BF7331EBB9AB5001638C4 /* Build configuration list for PBXNativeTarget "AcceptanceTests" */ = {
			isa = XCConfigurationList;
			buildConfigurations = (
				9B2BF7301EBB9AB5001638C4 /* Debug */,
				9B2BF7311EBB9AB5001638C4 /* Staging */,
				9B2BF7321EBB9AB5001638C4 /* Release */,
			);
			defaultConfigurationIsVisible = 0;
			defaultConfigurationName = Release;
		};
		9B5AFAD51C7205EB002347D6 /* Build configuration list for PBXProject "swift-base" */ = {
			isa = XCConfigurationList;
			buildConfigurations = (
				9B5AFAEA1C7205EC002347D6 /* Debug */,
				9BEE614B1C736054002E43B2 /* Staging */,
				9B5AFAEB1C7205EC002347D6 /* Release */,
			);
			defaultConfigurationIsVisible = 0;
			defaultConfigurationName = Release;
		};
		9B5AFAEC1C7205EC002347D6 /* Build configuration list for PBXNativeTarget "swift-base" */ = {
			isa = XCConfigurationList;
			buildConfigurations = (
				9B5AFAED1C7205EC002347D6 /* Debug */,
				9BEE614C1C736054002E43B2 /* Staging */,
				9B5AFAEE1C7205EC002347D6 /* Release */,
			);
			defaultConfigurationIsVisible = 0;
			defaultConfigurationName = Release;
		};
/* End XCConfigurationList section */
	};
	rootObject = 9B5AFAD21C7205EB002347D6 /* Project object */;
}
